
Microsoft Visual Studio Solution File, Format Version 12.00
# Visual Studio Version 17
VisualStudioVersion = 17.2.32516.85
MinimumVisualStudioVersion = 10.0.40219.1
Project("{9A19103F-16F7-4668-BE54-9A1E7A4F7556}") = "WPFDis", "WPFDis\WPFDis.csproj", "{42F82BA6-A01D-400D-9832-F023D834C27A}"
EndProject
Global
	GlobalSection(SolutionConfigurationPlatforms) = preSolution
		Debug|Any CPU = Debug|Any CPU
		Release|Any CPU = Release|Any CPU
	EndGlobalSection
	GlobalSection(ProjectConfigurationPlatforms) = postSolution
		{42F82BA6-A01D-400D-9832-F023D834C27A}.Debug|Any CPU.ActiveCfg = Debug|Any CPU
		{42F82BA6-A01D-400D-9832-F023D834C27A}.Debug|Any CPU.Build.0 = Debug|Any CPU
		{42F82BA6-A01D-400D-9832-F023D834C27A}.Release|Any CPU.ActiveCfg = Release|Any CPU
		{42F82BA6-A01D-400D-9832-F023D834C27A}.Release|Any CPU.Build.0 = Release|Any CPU
	EndGlobalSection
	GlobalSection(SolutionProperties) = preSolution
		HideSolutionNode = FALSE
	EndGlobalSection
	GlobalSection(ExtensibilityGlobals) = postSolution
		SolutionGuid = {0B26C8F5-C3A0-4428-A962-F51581D26F04}
	EndGlobalSection
EndGlobal
